{
  "version": 1,
  "dependencies": {
    "net8.0": {
      "Endjin.RecommendedPractices.GitHub": {
        "type": "Direct",
        "requested": "[2.1.18, )",
        "resolved": "2.1.18",
        "contentHash": "5zdIpj3qn+hQKvpkJO77wW74S4w8UKE0l8oDIm6jq70X7O0iNfgD+0FzEKXIYM17JtqnVSVaBd4ZyuDxHqVnLg==",
        "dependencies": {
          "Endjin.RecommendedPractices": "2.1.18",
          "Microsoft.SourceLink.GitHub": "1.1.1"
        }
      },
      "Microsoft.Azure.Functions.Extensions": {
        "type": "Direct",
        "requested": "[1.1.0, )",
        "resolved": "1.1.0",
        "contentHash": "zYKtQQoS1fdzufxFApuMFiFtoi9QAGH6McXxntpylwLKgKjmCMWdgUd1dcekzTKNR9DPSDPRLiulvukqXnpWrQ==",
        "dependencies": {
          "Microsoft.Azure.WebJobs": "3.0.18",
          "Microsoft.Extensions.DependencyInjection": "2.1.0"
        }
      },
      "Microsoft.Extensions.Logging.Console": {
        "type": "Direct",
        "requested": "[8.0.*, )",
        "resolved": "8.0.1",
        "contentHash": "uzcg/5U2eLyn5LIKlERkdSxw6VPC1yydnOSQiRRWGBGN3kphq3iL4emORzrojScDmxRhv49gp5BI8U3Dz7y4iA==",
        "dependencies": {
          "Microsoft.Extensions.DependencyInjection.Abstractions": "8.0.2",
          "Microsoft.Extensions.Logging": "8.0.1",
          "Microsoft.Extensions.Logging.Abstractions": "8.0.2",
          "Microsoft.Extensions.Logging.Configuration": "8.0.1",
          "Microsoft.Extensions.Options": "8.0.2"
        }
      },
      "Microsoft.NET.Sdk.Functions": {
        "type": "Direct",
        "requested": "[4.6.0, )",
        "resolved": "4.6.0",
        "contentHash": "jDnf2TZ5JcBQY9BhI5hzRsbsu+EzJuz22GzmHmV9iGFFBraD3MaOTsoHxtS5kpd9qX3qCv7I7HuNjUSiH3nTZg==",
        "dependencies": {
          "Microsoft.Azure.Functions.Analyzers": "[1.0.0, 2.0.0)",
          "Microsoft.Azure.WebJobs": "[3.0.32, 3.1.0)",
          "Microsoft.Azure.WebJobs.Extensions": "3.0.6",
          "Microsoft.Azure.WebJobs.Extensions.Http": "[3.2.0, 3.3.0)",
          "Microsoft.Azure.WebJobs.Script.ExtensionsMetadataGenerator": "4.0.1",
          "Newtonsoft.Json": "13.0.1"
        }
      },
      "CommunityToolkit.HighPerformance": {
        "type": "Transitive",
        "resolved": "8.3.0",
        "contentHash": "2zc0Wfr9OtEbLqm6J1Jycim/nKmYv+v12CytJ3tZGNzw7n3yjh1vNCMX0kIBaFBk3sw8g0pMR86QJGXGlArC+A=="
      },
      "Corvus.ContentHandling": {
        "type": "Transitive",
        "resolved": "4.0.0",
        "contentHash": "g3Yxx9Ws0Qvajje9xxYc2Me8bNjaDUQ1lf5IF4Cs4RbNjP91yZqzn2KDTUdSQI+u2B06MuIsVPUfDZC0Lf9+Ag==",
        "dependencies": {
          "Microsoft.CodeAnalysis.CSharp": "4.12.0",
          "Microsoft.Extensions.DependencyInjection.Abstractions": "8.0.2"
        }
      },
      "Corvus.Extensions": {
        "type": "Transitive",
        "resolved": "1.1.13",
        "contentHash": "IJfT5YT7RUYJzhcR7nsnozrtcR6uDfqJIUvOvLYuQ6ra3DVOyStKtDp81L+l/FY8I0nw1alzbugXRjj+92BC/A==",
        "dependencies": {
          "System.Interactive": "6.0.1"
        }
      },
      "Corvus.Extensions.Newtonsoft.Json": {
        "type": "Transitive",
        "resolved": "3.0.2",
        "contentHash": "Htc652U9rb9V6Ik6L18H09cKpVnsk95qU5ZBUfjpk0ehtV3BzhJuVA2xoEtk4vN/vhq2mSf8JZswwznPZilLBw==",
        "dependencies": {
          "Corvus.Json.Abstractions": "3.0.2",
          "Microsoft.Extensions.DependencyInjection.Abstractions": "3.1.32",
          "Newtonsoft.Json": "13.0.3"
        }
      },
      "Corvus.HighPerformance": {
        "type": "Transitive",
        "resolved": "1.0.0",
        "contentHash": "ymxAkH0mhLXEggpIfbMDegA/wg4Q6PjOr2uUkHQX2HubqHD3hcOe2nf0yc3Y5GS9WHkSlc4asjTkP0rHsScDgg=="
      },
      "Corvus.Json.Abstractions": {
        "type": "Transitive",
        "resolved": "3.0.2",
        "contentHash": "i3HErZbnQsYwUgS9sA+sQYpVX0r5ETmBSApy13wC5hVqEvI/YVXBztoLMmkEOaJEo1c16H8JT2s+j/hDGqSz6g=="
      },
      "Corvus.Monitoring.Instrumentation.Abstractions": {
        "type": "Transitive",
        "resolved": "3.0.1",
        "contentHash": "G1ocdBKceYqzAIAiMLM/ANuDpIOz9wuoCk6Wtj2fe8t1hZ+FeZdBj1x2D/SuAcc5QXgYFCLwmS/xczHq68wyEw==",
        "dependencies": {
          "Microsoft.Extensions.DependencyInjection.Abstractions": "9.0.0"
        }
      },
      "Corvus.UriTemplates": {
        "type": "Transitive",
        "resolved": "2.3.2",
        "contentHash": "XAhHr0F6IOhunpIHFzG0HQSj+/X8L1lSJAExYQl9OEIZGAUZ81pbqWtxuIHL080y1u2dEmw796D7XmM44Je2gw==",
        "dependencies": {
          "CommunityToolkit.HighPerformance": "8.3.0",
          "Corvus.HighPerformance": "1.0.0",
          "Microsoft.Extensions.ObjectPool": "8.0.8"
        }
      },
      "Endjin.RecommendedPractices": {
        "type": "Transitive",
        "resolved": "2.1.18",
        "contentHash": "AAD5aVVKTdFYsMpdHft4Q4rPdLaBt/IG4K2ozmB0qkotXpIWBhNUDtguBZCkYvTt0o2UXS5fQDP3os86F03lpw==",
        "dependencies": {
          "Microsoft.Build.Tasks.Git": "1.1.1"
        }
      },
      "Microsoft.AspNet.WebApi.Client": {
        "type": "Transitive",
        "resolved": "5.2.8",
        "contentHash": "dkGLm30CxLieMlUO+oQpJw77rDs0IIx/w3lIHsp+8X94HXCsUfLYuFmlZPsQDItC0O2l1ZlWeKLkZX7ZiNRekw==",
        "dependencies": {
          "Newtonsoft.Json": "10.0.1",
          "Newtonsoft.Json.Bson": "1.0.1"
        }
      },
      "Microsoft.AspNetCore.Authentication.Abstractions": {
        "type": "Transitive",
        "resolved": "2.2.0",
        "contentHash": "VloMLDJMf3n/9ic5lCBOa42IBYJgyB1JhzLsL68Zqg+2bEPWfGBj/xCJy/LrKTArN0coOcZp3wyVTZlx0y9pHQ==",
        "dependencies": {
          "Microsoft.AspNetCore.Http.Abstractions": "2.2.0",
          "Microsoft.Extensions.Logging.Abstractions": "2.2.0",
          "Microsoft.Extensions.Options": "2.2.0"
        }
      },
      "Microsoft.AspNetCore.Authentication.Core": {
        "type": "Transitive",
        "resolved": "2.2.0",
        "contentHash": "XlVJzJ5wPOYW+Y0J6Q/LVTEyfS4ssLXmt60T0SPP+D8abVhBTl+cgw2gDHlyKYIkcJg7btMVh383NDkMVqD/fg==",
        "dependencies": {
          "Microsoft.AspNetCore.Authentication.Abstractions": "2.2.0",
          "Microsoft.AspNetCore.Http": "2.2.0",
          "Microsoft.AspNetCore.Http.Extensions": "2.2.0"
        }
      },
      "Microsoft.AspNetCore.Authorization": {
        "type": "Transitive",
        "resolved": "2.2.0",
        "contentHash": "/L0W8H3jMYWyaeA9gBJqS/tSWBegP9aaTM0mjRhxTttBY9z4RVDRYJ2CwPAmAXIuPr3r1sOw+CS8jFVRGHRezQ==",
        "dependencies": {
          "Microsoft.Extensions.Logging.Abstractions": "2.2.0",
          "Microsoft.Extensions.Options": "2.2.0"
        }
      },
      "Microsoft.AspNetCore.Authorization.Policy": {
        "type": "Transitive",
        "resolved": "2.2.0",
        "contentHash": "aJCo6niDRKuNg2uS2WMEmhJTooQUGARhV2ENQ2tO5443zVHUo19MSgrgGo9FIrfD+4yKPF8Q+FF33WkWfPbyKw==",
        "dependencies": {
          "Microsoft.AspNetCore.Authentication.Abstractions": "2.2.0",
          "Microsoft.AspNetCore.Authorization": "2.2.0"
        }
      },
      "Microsoft.AspNetCore.Hosting.Abstractions": {
        "type": "Transitive",
        "resolved": "2.2.0",
        "contentHash": "ubycklv+ZY7Kutdwuy1W4upWcZ6VFR8WUXU7l7B2+mvbDBBPAcfpi+E+Y5GFe+Q157YfA3C49D2GCjAZc7Mobw==",
        "dependencies": {
          "Microsoft.AspNetCore.Hosting.Server.Abstractions": "2.2.0",
          "Microsoft.AspNetCore.Http.Abstractions": "2.2.0",
          "Microsoft.Extensions.Hosting.Abstractions": "2.2.0"
        }
      },
      "Microsoft.AspNetCore.Hosting.Server.Abstractions": {
        "type": "Transitive",
        "resolved": "2.2.0",
        "contentHash": "1PMijw8RMtuQF60SsD/JlKtVfvh4NORAhF4wjysdABhlhTrYmtgssqyncR0Stq5vqtjplZcj6kbT4LRTglt9IQ==",
        "dependencies": {
          "Microsoft.AspNetCore.Http.Features": "2.2.0",
          "Microsoft.Extensions.Configuration.Abstractions": "2.2.0"
        }
      },
      "Microsoft.AspNetCore.Http": {
        "type": "Transitive",
        "resolved": "2.2.2",
        "contentHash": "BAibpoItxI5puk7YJbIGj95arZueM8B8M5xT1fXBn3hb3L2G3ucrZcYXv1gXdaroLbntUs8qeV8iuBrpjQsrKw==",
        "dependencies": {
          "Microsoft.AspNetCore.Http.Abstractions": "2.2.0",
          "Microsoft.AspNetCore.WebUtilities": "2.2.0",
          "Microsoft.Extensions.ObjectPool": "2.2.0",
          "Microsoft.Extensions.Options": "2.2.0",
          "Microsoft.Net.Http.Headers": "2.2.0"
        }
      },
      "Microsoft.AspNetCore.Http.Abstractions": {
        "type": "Transitive",
        "resolved": "2.2.0",
        "contentHash": "Nxs7Z1q3f1STfLYKJSVXCs1iBl+Ya6E8o4Oy1bCxJ/rNI44E/0f6tbsrVqAWfB7jlnJfyaAtIalBVxPKUPQb4Q==",
        "dependencies": {
          "Microsoft.AspNetCore.Http.Features": "2.2.0"
        }
      },
      "Microsoft.AspNetCore.Http.Extensions": {
        "type": "Transitive",
        "resolved": "2.2.0",
        "contentHash": "2DgZ9rWrJtuR7RYiew01nGRzuQBDaGHGmK56Rk54vsLLsCdzuFUPqbDTJCS1qJQWTbmbIQ9wGIOjpxA1t0l7/w==",
        "dependencies": {
          "Microsoft.AspNetCore.Http.Abstractions": "2.2.0",
          "Microsoft.Extensions.FileProviders.Abstractions": "2.2.0",
          "Microsoft.Net.Http.Headers": "2.2.0"
        }
      },
      "Microsoft.AspNetCore.Http.Features": {
        "type": "Transitive",
        "resolved": "2.2.0",
        "contentHash": "ziFz5zH8f33En4dX81LW84I6XrYXKf9jg6aM39cM+LffN9KJahViKZ61dGMSO2gd3e+qe5yBRwsesvyqlZaSMg==",
        "dependencies": {
          "Microsoft.Extensions.Primitives": "2.2.0"
        }
      },
      "Microsoft.AspNetCore.JsonPatch": {
        "type": "Transitive",
        "resolved": "2.2.0",
        "contentHash": "o9BB9hftnCsyJalz9IT0DUFxz8Xvgh3TOfGWolpuf19duxB4FySq7c25XDYBmBMS+sun5/PsEUAi58ra4iJAoA==",
        "dependencies": {
          "Newtonsoft.Json": "11.0.2"
        }
      },
      "Microsoft.AspNetCore.Mvc.Abstractions": {
        "type": "Transitive",
        "resolved": "2.2.0",
        "contentHash": "ET6uZpfVbGR1NjCuLaLy197cQ3qZUjzl7EG5SL4GfJH/c9KRE89MMBrQegqWsh0w1iRUB/zQaK0anAjxa/pz4g==",
        "dependencies": {
          "Microsoft.AspNetCore.Routing.Abstractions": "2.2.0",
          "Microsoft.Net.Http.Headers": "2.2.0"
        }
      },
      "Microsoft.AspNetCore.Mvc.Core": {
        "type": "Transitive",
        "resolved": "2.2.0",
        "contentHash": "ALiY4a6BYsghw8PT5+VU593Kqp911U3w9f/dH9/ZoI3ezDsDAGiObqPu/HP1oXK80Ceu0XdQ3F0bx5AXBeuN/Q==",
        "dependencies": {
          "Microsoft.AspNetCore.Authentication.Core": "2.2.0",
          "Microsoft.AspNetCore.Authorization.Policy": "2.2.0",
          "Microsoft.AspNetCore.Hosting.Abstractions": "2.2.0",
          "Microsoft.AspNetCore.Http": "2.2.0",
          "Microsoft.AspNetCore.Http.Extensions": "2.2.0",
          "Microsoft.AspNetCore.Mvc.Abstractions": "2.2.0",
          "Microsoft.AspNetCore.ResponseCaching.Abstractions": "2.2.0",
          "Microsoft.AspNetCore.Routing": "2.2.0",
          "Microsoft.AspNetCore.Routing.Abstractions": "2.2.0",
          "Microsoft.Extensions.DependencyInjection": "2.2.0",
          "Microsoft.Extensions.DependencyModel": "2.1.0",
          "Microsoft.Extensions.FileProviders.Abstractions": "2.2.0",
          "Microsoft.Extensions.Logging.Abstractions": "2.2.0"
        }
      },
      "Microsoft.AspNetCore.Mvc.Formatters.Json": {
        "type": "Transitive",
        "resolved": "2.2.0",
        "contentHash": "ScWwXrkAvw6PekWUFkIr5qa9NKn4uZGRvxtt3DvtUrBYW5Iu2y4SS/vx79JN0XDHNYgAJ81nVs+4M7UE1Y/O+g==",
        "dependencies": {
          "Microsoft.AspNetCore.JsonPatch": "2.2.0",
          "Microsoft.AspNetCore.Mvc.Core": "2.2.0"
        }
      },
      "Microsoft.AspNetCore.Mvc.WebApiCompatShim": {
        "type": "Transitive",
        "resolved": "2.2.0",
        "contentHash": "YKovpp46Fgah0N8H4RGb+7x9vdjj50mS3NON910pYJFQmn20Cd1mYVkTunjy/DrZpvwmJ8o5Es0VnONSYVXEAQ==",
        "dependencies": {
          "Microsoft.AspNet.WebApi.Client": "5.2.6",
          "Microsoft.AspNetCore.Mvc.Core": "2.2.0",
          "Microsoft.AspNetCore.Mvc.Formatters.Json": "2.2.0",
          "Microsoft.AspNetCore.WebUtilities": "2.2.0"
        }
      },
      "Microsoft.AspNetCore.ResponseCaching.Abstractions": {
        "type": "Transitive",
        "resolved": "2.2.0",
        "contentHash": "CIHWEKrHzZfFp7t57UXsueiSA/raku56TgRYauV/W1+KAQq6vevz60zjEKaazt3BI76zwMz3B4jGWnCwd8kwQw==",
        "dependencies": {
          "Microsoft.Extensions.Primitives": "2.2.0"
        }
      },
      "Microsoft.AspNetCore.Routing": {
        "type": "Transitive",
        "resolved": "2.2.2",
        "contentHash": "HcmJmmGYewdNZ6Vcrr5RkQbc/YWU4F79P3uPPBi6fCFOgUewXNM1P4kbPuoem7tN4f7x8mq7gTsm5QGohQ5g/w==",
        "dependencies": {
          "Microsoft.AspNetCore.Http.Extensions": "2.2.0",
          "Microsoft.AspNetCore.Routing.Abstractions": "2.2.0",
          "Microsoft.Extensions.Logging.Abstractions": "2.2.0",
          "Microsoft.Extensions.ObjectPool": "2.2.0",
          "Microsoft.Extensions.Options": "2.2.0"
        }
      },
      "Microsoft.AspNetCore.Routing.Abstractions": {
        "type": "Transitive",
        "resolved": "2.2.0",
        "contentHash": "lRRaPN7jDlUCVCp9i0W+PB0trFaKB0bgMJD7hEJS9Uo4R9MXaMC8X2tJhPLmeVE3SGDdYI4QNKdVmhNvMJGgPQ==",
        "dependencies": {
          "Microsoft.AspNetCore.Http.Abstractions": "2.2.0"
        }
      },
      "Microsoft.AspNetCore.WebUtilities": {
        "type": "Transitive",
        "resolved": "2.2.0",
        "contentHash": "9ErxAAKaDzxXASB/b5uLEkLgUWv1QbeVxyJYEHQwMaxXOeFFVkQxiq8RyfVcifLU7NR0QY0p3acqx4ZpYfhHDg==",
        "dependencies": {
          "Microsoft.Net.Http.Headers": "2.2.0"
        }
      },
      "Microsoft.Azure.Functions.Analyzers": {
        "type": "Transitive",
        "resolved": "1.0.0",
        "contentHash": "8nQq/IlK9BMBchRw3lfChSKaFNjMUOxXcPcDC3rkMd5PeWRm54nz2Owr6fZjPHMYJ36XX/9PGOfjn4jyiRojjw=="
      },
      "Microsoft.Azure.WebJobs": {
        "type": "Transitive",
        "resolved": "3.0.32",
        "contentHash": "uN8GsFqPFHHcSrwwj/+0tGe6F6cOwugqUiePPw7W3TL9YC594+Hw8GBK5S/fcDWXacqvRRGf9nDX8xP94/Yiyw==",
        "dependencies": {
          "Microsoft.Azure.WebJobs.Core": "3.0.32",
          "Microsoft.Extensions.Configuration": "2.1.1",
          "Microsoft.Extensions.Configuration.Abstractions": "2.1.1",
          "Microsoft.Extensions.Configuration.EnvironmentVariables": "2.1.0",
          "Microsoft.Extensions.Configuration.Json": "2.1.0",
          "Microsoft.Extensions.Hosting": "2.1.0",
          "Microsoft.Extensions.Logging": "2.1.1",
          "Microsoft.Extensions.Logging.Abstractions": "2.1.1",
          "Microsoft.Extensions.Logging.Configuration": "2.1.0",
          "Newtonsoft.Json": "11.0.2",
          "System.Memory.Data": "1.0.1"
        }
      },
      "Microsoft.Azure.WebJobs.Core": {
        "type": "Transitive",
        "resolved": "3.0.32",
        "contentHash": "pW5lyF0Tno1cC2VkmBLyv7E3o5ObDdbn3pfpUpKdksJo9ysCdQTpgc0Ib99wPHca6BgvoglicGbDYXuatanMfg=="
      },
      "Microsoft.Azure.WebJobs.Extensions": {
        "type": "Transitive",
        "resolved": "3.0.6",
        "contentHash": "y7RgGsJFHhlD/2SIoQpgyjM1By9sbBpY9YaQCS183z743rErqBGAO3BrJ01z52IIveP2NW/7qLD1zm/bFI2MPg==",
        "dependencies": {
          "Microsoft.Azure.WebJobs": "3.0.14",
          "Microsoft.Azure.WebJobs.Host.Storage": "3.0.14",
          "ncrontab.signed": "3.3.0"
        }
      },
      "Microsoft.Azure.WebJobs.Extensions.Http": {
        "type": "Transitive",
        "resolved": "3.2.0",
        "contentHash": "IXLuo5fOliOYKUZjWO5kQ/j3XblM9TNnk1agjzNYkubpDXq6M436GihaVzwTeQlX279P3G1KquS6I+b7pXaFuQ==",
        "dependencies": {
          "Microsoft.AspNet.WebApi.Client": "5.2.8",
          "Microsoft.AspNetCore.Http": "2.2.2",
          "Microsoft.AspNetCore.Mvc.Formatters.Json": "2.2.0",
          "Microsoft.AspNetCore.Mvc.WebApiCompatShim": "2.2.0",
          "Microsoft.AspNetCore.Routing": "2.2.2",
          "Microsoft.Azure.WebJobs": "3.0.32"
        }
      },
      "Microsoft.Azure.WebJobs.Host.Storage": {
        "type": "Transitive",
        "resolved": "3.0.14",
        "contentHash": "1M9VzF4/skqaFezaNI6QUo5ftI1ifGAc6TQfbDdi94lUkUcnSnlBq/uBzx1P73SQgY9WzIE0KZn2+DOx6CL9Sg==",
        "dependencies": {
          "Microsoft.Azure.WebJobs": "3.0.14",
          "WindowsAzure.Storage": "9.3.1"
        }
      },
      "Microsoft.Azure.WebJobs.Script.ExtensionsMetadataGenerator": {
        "type": "Transitive",
        "resolved": "4.0.1",
        "contentHash": "o1E0hetLv8Ix0teA1hGH9D136RGSs24Njm5+a4FKzJHLlxfclvmOxmcg87vcr6LIszKzenNKd1oJGnOwg2WMnw=="
      },
      "Microsoft.Build.Tasks.Git": {
        "type": "Transitive",
        "resolved": "1.1.1",
        "contentHash": "AT3HlgTjsqHnWpBHSNeR0KxbLZD7bztlZVj7I8vgeYG9SYqbeFGh0TM/KVtC6fg53nrWHl3VfZFvb5BiQFcY6Q=="
      },
      "Microsoft.CodeAnalysis.Analyzers": {
        "type": "Transitive",
        "resolved": "3.3.4",
        "contentHash": "AxkxcPR+rheX0SmvpLVIGLhOUXAKG56a64kV9VQZ4y9gR9ZmPXnqZvHJnmwLSwzrEP6junUF11vuc+aqo5r68g=="
      },
      "Microsoft.CodeAnalysis.Common": {
        "type": "Transitive",
        "resolved": "4.12.0",
        "contentHash": "c1kNYihL2gdcuU1dqm8R8YeA4YkB43TpU3pa2r66Uooh6AAhRtENzj9A4Kj0a+H8JDDyuTjNZql9XlVUzV+UjA==",
        "dependencies": {
          "Microsoft.CodeAnalysis.Analyzers": "3.3.4"
        }
      },
      "Microsoft.CodeAnalysis.CSharp": {
        "type": "Transitive",
        "resolved": "4.12.0",
        "contentHash": "30vVQ1MizeC22iEdEvI2w0eTIYG43/L20yBzuQH01xKzJgHAoWehzI2F8u07o4mXh4DGMOjQF7aEm0zzvsG3Mg==",
        "dependencies": {
          "Microsoft.CodeAnalysis.Analyzers": "3.3.4",
          "Microsoft.CodeAnalysis.Common": "[4.12.0]"
        }
      },
      "Microsoft.DotNet.PlatformAbstractions": {
        "type": "Transitive",
        "resolved": "2.1.0",
        "contentHash": "9KPDwvb/hLEVXYruVHVZ8BkebC8j17DmPb56LnqRF74HqSPLjCkrlFUjOtFpQPA2DeADBRTI/e69aCfRBfrhxw=="
      },
      "Microsoft.Extensions.Configuration": {
        "type": "Transitive",
        "resolved": "8.0.0",
        "contentHash": "0J/9YNXTMWSZP2p2+nvl8p71zpSwokZXZuJW+VjdErkegAnFdO1XlqtA62SJtgVYHdKu3uPxJHcMR/r35HwFBA==",
        "dependencies": {
          "Microsoft.Extensions.Configuration.Abstractions": "8.0.0",
          "Microsoft.Extensions.Primitives": "8.0.0"
        }
      },
      "Microsoft.Extensions.Configuration.Abstractions": {
        "type": "Transitive",
        "resolved": "8.0.0",
        "contentHash": "3lE/iLSutpgX1CC0NOW70FJoGARRHbyKmG7dc0klnUZ9Dd9hS6N/POPWhKhMLCEuNN5nXEY5agmlFtH562vqhQ==",
        "dependencies": {
          "Microsoft.Extensions.Primitives": "8.0.0"
        }
      },
      "Microsoft.Extensions.Configuration.Binder": {
        "type": "Transitive",
        "resolved": "8.0.2",
        "contentHash": "7IQhGK+wjyGrNsPBjJcZwWAr+Wf6D4+TwOptUt77bWtgNkiV8tDEbhFS+dDamtQFZ2X7kWG9m71iZQRj2x3zgQ==",
        "dependencies": {
          "Microsoft.Extensions.Configuration.Abstractions": "8.0.0"
        }
      },
      "Microsoft.Extensions.Configuration.EnvironmentVariables": {
        "type": "Transitive",
        "resolved": "2.1.0",
        "contentHash": "fZIoU1kxy9zu4KjjabcA79jws6Fk1xmub/VQMrClVqRXZrWt9lYmyjJjw7x0KZtl+Y1hs8qDDaFDrpR1Mso6Wg==",
        "dependencies": {
          "Microsoft.Extensions.Configuration": "2.1.0"
        }
      },
      "Microsoft.Extensions.Configuration.FileExtensions": {
        "type": "Transitive",
        "resolved": "2.1.0",
        "contentHash": "xvbjRAIo2Iwxk7vsMg49RwXPOOm5rtvr0frArvlg1uviS60ouVkOLouCNvOv/eRgWYINPbHAU9p//zEjit38Og==",
        "dependencies": {
          "Microsoft.Extensions.Configuration": "2.1.0",
          "Microsoft.Extensions.FileProviders.Physical": "2.1.0"
        }
      },
      "Microsoft.Extensions.Configuration.Json": {
        "type": "Transitive",
        "resolved": "2.1.0",
        "contentHash": "9OCdAv7qiRtRlXQnECxW9zINUK8bYPKbNp5x8FQaLZbm/flv7mPvo1muZ1nsKGMZF4uL4Bl6nHw2v1fi3MqQ1Q==",
        "dependencies": {
          "Microsoft.Extensions.Configuration": "2.1.0",
          "Microsoft.Extensions.Configuration.FileExtensions": "2.1.0",
          "Newtonsoft.Json": "11.0.2"
        }
      },
      "Microsoft.Extensions.DependencyInjection": {
        "type": "Transitive",
        "resolved": "8.0.1",
        "contentHash": "BmANAnR5Xd4Oqw7yQ75xOAYODybZQRzdeNucg7kS5wWKd2PNnMdYtJ2Vciy0QLylRmv42DGl5+AFL9izA6F1Rw==",
        "dependencies": {
          "Microsoft.Extensions.DependencyInjection.Abstractions": "8.0.2"
        }
      },
      "Microsoft.Extensions.DependencyInjection.Abstractions": {
        "type": "Transitive",
        "resolved": "9.0.0",
        "contentHash": "+6f2qv2a3dLwd5w6JanPIPs47CxRbnk+ZocMJUhv9NxP88VlOcJYZs9jY+MYSjxvady08bUZn6qgiNh7DadGgg=="
      },
      "Microsoft.Extensions.DependencyModel": {
        "type": "Transitive",
        "resolved": "2.1.0",
        "contentHash": "nS2XKqi+1A1umnYNLX2Fbm/XnzCxs5i+zXVJ3VC6r9t2z0NZr9FLnJN4VQpKigdcWH/iFTbMuX6M6WQJcTjVIg==",
        "dependencies": {
          "Microsoft.DotNet.PlatformAbstractions": "2.1.0",
          "Newtonsoft.Json": "9.0.1"
        }
      },
      "Microsoft.Extensions.Diagnostics": {
        "type": "Transitive",
        "resolved": "8.0.1",
        "contentHash": "doVPCUUCY7c6LhBsEfiy3W1bvS7Mi6LkfQMS8nlC22jZWNxBv8VO8bdfeyvpYFst6Kxqk7HBC6lytmEoBssvSQ==",
        "dependencies": {
          "Microsoft.Extensions.Configuration": "8.0.0",
          "Microsoft.Extensions.Diagnostics.Abstractions": "8.0.1",
          "Microsoft.Extensions.Options.ConfigurationExtensions": "8.0.0"
        }
      },
      "Microsoft.Extensions.Diagnostics.Abstractions": {
        "type": "Transitive",
        "resolved": "8.0.1",
        "contentHash": "elH2vmwNmsXuKmUeMQ4YW9ldXiF+gSGDgg1vORksob5POnpaI6caj1Hu8zaYbEuibhqCoWg0YRWDazBY3zjBfg==",
        "dependencies": {
          "Microsoft.Extensions.DependencyInjection.Abstractions": "8.0.2",
          "Microsoft.Extensions.Options": "8.0.2"
        }
      },
      "Microsoft.Extensions.FileProviders.Abstractions": {
        "type": "Transitive",
        "resolved": "2.2.0",
        "contentHash": "EcnaSsPTqx2MGnHrmWOD0ugbuuqVT8iICqSqPzi45V5/MA1LjUNb0kwgcxBGqizV1R+WeBK7/Gw25Jzkyk9bIw==",
        "dependencies": {
          "Microsoft.Extensions.Primitives": "2.2.0"
        }
      },
      "Microsoft.Extensions.FileProviders.Physical": {
        "type": "Transitive",
        "resolved": "2.1.0",
        "contentHash": "A9xLomqD4tNFqDfleapx2C14ZcSjCTzn/4Od0W/wBYdlLF2tYDJ204e75HjpWDVTkr03kgdZbM3QZ6ZeDsrBYg==",
        "dependencies": {
          "Microsoft.Extensions.FileProviders.Abstractions": "2.1.0",
          "Microsoft.Extensions.FileSystemGlobbing": "2.1.0"
        }
      },
      "Microsoft.Extensions.FileSystemGlobbing": {
        "type": "Transitive",
        "resolved": "2.1.0",
        "contentHash": "JEwwhwbVTEXJu4W4l/FFx7FG9Fh5R8999mZl6qJImjM/LY4DxQsFYzpSkziMdY022n7TQpNUxJlH9bKZc7TqWw=="
      },
      "Microsoft.Extensions.Hosting": {
        "type": "Transitive",
        "resolved": "2.1.0",
        "contentHash": "nqOrLtBqpwRT006vdQ2Vp87uiuYztiZcZAndFqH91ZH4SQgr8wImCVQwzUgTxx1DSrpIW765+xrZTZqsoGtvqg==",
        "dependencies": {
          "Microsoft.Extensions.Configuration": "2.1.0",
          "Microsoft.Extensions.DependencyInjection": "2.1.0",
          "Microsoft.Extensions.FileProviders.Physical": "2.1.0",
          "Microsoft.Extensions.Hosting.Abstractions": "2.1.0",
          "Microsoft.Extensions.Logging": "2.1.0"
        }
      },
      "Microsoft.Extensions.Hosting.Abstractions": {
        "type": "Transitive",
        "resolved": "2.2.0",
        "contentHash": "+k4AEn68HOJat5gj1TWa6X28WlirNQO9sPIIeQbia+91n03esEtMSSoekSTpMjUzjqtJWQN3McVx0GvSPFHF/Q==",
        "dependencies": {
          "Microsoft.Extensions.Configuration.Abstractions": "2.2.0",
          "Microsoft.Extensions.DependencyInjection.Abstractions": "2.2.0",
          "Microsoft.Extensions.FileProviders.Abstractions": "2.2.0",
          "Microsoft.Extensions.Logging.Abstractions": "2.2.0"
        }
      },
      "Microsoft.Extensions.Http": {
        "type": "Transitive",
        "resolved": "8.0.1",
        "contentHash": "kDYeKJUzh0qeg/AI+nSr3ffthmXYQTEb0nS9qRC7YhSbbuN4M4NPbaB77AJwtkTnCV9XZ7qYj3dkZaNcyl73EA==",
        "dependencies": {
          "Microsoft.Extensions.Configuration.Abstractions": "8.0.0",
          "Microsoft.Extensions.DependencyInjection.Abstractions": "8.0.2",
          "Microsoft.Extensions.Diagnostics": "8.0.1",
          "Microsoft.Extensions.Logging": "8.0.1",
          "Microsoft.Extensions.Logging.Abstractions": "8.0.2",
          "Microsoft.Extensions.Options": "8.0.2"
        }
      },
      "Microsoft.Extensions.Logging": {
        "type": "Transitive",
        "resolved": "8.0.1",
        "contentHash": "4x+pzsQEbqxhNf1QYRr5TDkLP9UsLT3A6MdRKDDEgrW7h1ljiEPgTNhKYUhNCCAaVpQECVQ+onA91PTPnIp6Lw==",
        "dependencies": {
          "Microsoft.Extensions.DependencyInjection": "8.0.1",
          "Microsoft.Extensions.Logging.Abstractions": "8.0.2",
          "Microsoft.Extensions.Options": "8.0.2"
        }
      },
      "Microsoft.Extensions.Logging.Abstractions": {
        "type": "Transitive",
        "resolved": "8.0.2",
        "contentHash": "nroMDjS7hNBPtkZqVBbSiQaQjWRDxITI8Y7XnDs97rqG3EbzVTNLZQf7bIeUJcaHOV8bca47s1Uxq94+2oGdxA==",
        "dependencies": {
          "Microsoft.Extensions.DependencyInjection.Abstractions": "8.0.2"
        }
      },
      "Microsoft.Extensions.Logging.Configuration": {
        "type": "Transitive",
        "resolved": "8.0.1",
        "contentHash": "QWwTrsgOnJMmn+XUslm8D2H1n3PkP/u/v52FODtyBc/k4W9r3i2vcXXeeX/upnzllJYRRbrzVzT0OclfNJtBJA==",
        "dependencies": {
          "Microsoft.Extensions.Configuration": "8.0.0",
          "Microsoft.Extensions.Configuration.Abstractions": "8.0.0",
          "Microsoft.Extensions.Configuration.Binder": "8.0.2",
          "Microsoft.Extensions.DependencyInjection.Abstractions": "8.0.2",
          "Microsoft.Extensions.Logging": "8.0.1",
          "Microsoft.Extensions.Logging.Abstractions": "8.0.2",
          "Microsoft.Extensions.Options": "8.0.2",
          "Microsoft.Extensions.Options.ConfigurationExtensions": "8.0.0"
        }
      },
      "Microsoft.Extensions.ObjectPool": {
        "type": "Transitive",
        "resolved": "8.0.8",
        "contentHash": "wnjTFjEvvSbOs3iMfl6CeJcUgPHZMYUB9uAQbGQGxGwVRl4GydNpMSkVntTzoi7AqQeYumU9yDSNeVbpq+ebow=="
      },
      "Microsoft.Extensions.Options": {
        "type": "Transitive",
        "resolved": "8.0.2",
        "contentHash": "dWGKvhFybsaZpGmzkGCbNNwBD1rVlWzrZKANLW/CcbFJpCEceMCGzT7zZwHOGBCbwM0SzBuceMj5HN1LKV1QqA==",
        "dependencies": {
          "Microsoft.Extensions.DependencyInjection.Abstractions": "8.0.0",
          "Microsoft.Extensions.Primitives": "8.0.0"
        }
      },
      "Microsoft.Extensions.Options.ConfigurationExtensions": {
        "type": "Transitive",
        "resolved": "8.0.0",
        "contentHash": "0f4DMRqEd50zQh+UyJc+/HiBsZ3vhAQALgdkcQEalSH1L2isdC7Yj54M3cyo5e+BeO5fcBQ7Dxly8XiBBcvRgw==",
        "dependencies": {
          "Microsoft.Extensions.Configuration.Abstractions": "8.0.0",
          "Microsoft.Extensions.Configuration.Binder": "8.0.0",
          "Microsoft.Extensions.DependencyInjection.Abstractions": "8.0.0",
          "Microsoft.Extensions.Options": "8.0.0",
          "Microsoft.Extensions.Primitives": "8.0.0"
        }
      },
      "Microsoft.Extensions.Primitives": {
        "type": "Transitive",
        "resolved": "8.0.0",
        "contentHash": "bXJEZrW9ny8vjMF1JV253WeLhpEVzFo1lyaZu1vQ4ZxWUlVvknZ/+ftFgVheLubb4eZPSwwxBeqS1JkCOjxd8g=="
      },
      "Microsoft.Net.Http.Headers": {
        "type": "Transitive",
        "resolved": "2.2.0",
        "contentHash": "iZNkjYqlo8sIOI0bQfpsSoMTmB/kyvmV2h225ihyZT33aTp48ZpF6qYnXxzSXmHt8DpBAwBTX+1s1UFLbYfZKg==",
        "dependencies": {
          "Microsoft.Extensions.Primitives": "2.2.0"
        }
      },
      "Microsoft.NETCore.Platforms": {
        "type": "Transitive",
        "resolved": "1.1.0",
        "contentHash": "kz0PEW2lhqygehI/d6XsPCQzD7ff7gUJaVGPVETX611eadGsA3A877GdSlU0LRVMCTH/+P3o2iDTak+S08V2+A=="
      },
      "Microsoft.OpenApi": {
        "type": "Transitive",
        "resolved": "1.6.24",
        "contentHash": "fZhncz3BmI2pJk589qHvvR3gGYMol5u98Yk9zRQiDjZac8Uq5NG/dYEFJbW/DBvJf5e8utXt5fN/58XCgjNqyQ=="
      },
      "Microsoft.OpenApi.Readers": {
        "type": "Transitive",
        "resolved": "1.6.24",
        "contentHash": "dWcqm4L/M9/HcPmDv5RJob7hdW1lmiABZUZu03lYyReLn4zSwZ4iIF07ziBcWfuf49dNR/R3HOR7fPHVArXEeg==",
        "dependencies": {
          "Microsoft.OpenApi": "1.6.24",
          "SharpYaml": "2.1.1"
        }
      },
      "Microsoft.SourceLink.Common": {
        "type": "Transitive",
        "resolved": "1.1.1",
        "contentHash": "WMcGpWKrmJmzrNeuaEb23bEMnbtR/vLmvZtkAP5qWu7vQsY59GqfRJd65sFpBszbd2k/bQ8cs8eWawQKAabkVg=="
      },
      "Microsoft.SourceLink.GitHub": {
        "type": "Transitive",
        "resolved": "1.1.1",
        "contentHash": "IaJGnOv/M7UQjRJks7B6p7pbPnOwisYGOIzqCz5ilGFTApZ3ktOR+6zJ12ZRPInulBmdAf1SrGdDG2MU8g6XTw==",
        "dependencies": {
          "Microsoft.Build.Tasks.Git": "1.1.1",
          "Microsoft.SourceLink.Common": "1.1.1"
        }
      },
      "ncrontab.signed": {
        "type": "Transitive",
        "resolved": "3.3.0",
        "contentHash": "w+fVX+uCk3C0nR7BDjWAmUzDQPNAaBusTPljWehx/2cbBTxuKm81sCTebwRnJtHfS+38xbqF7NiiwPWjRMKiFQ=="
      },
      "NETStandard.Library": {
        "type": "Transitive",
        "resolved": "1.6.1",
        "contentHash": "WcSp3+vP+yHNgS8EV5J7pZ9IRpeDuARBPN28by8zqff1wJQXm26PVU8L3/fYLBJVU7BtDyqNVWq2KlCVvSSR4A==",
        "dependencies": {
          "Microsoft.NETCore.Platforms": "1.1.0"
        }
      },
      "Newtonsoft.Json": {
        "type": "Transitive",
        "resolved": "13.0.3",
        "contentHash": "HrC5BXdl00IP9zeV+0Z848QWPAoCr9P3bDEZguI+gkLcBKAOxix/tLEAAHC+UvDNPv4a2d18lOReHMOagPa+zQ=="
      },
      "Newtonsoft.Json.Bson": {
        "type": "Transitive",
        "resolved": "1.0.1",
        "contentHash": "5PYT/IqQ+UK31AmZiSS102R6EsTo+LGTSI8bp7WAUqDKaF4wHXD8U9u4WxTI1vc64tYi++8p3dk3WWNqPFgldw==",
        "dependencies": {
          "NETStandard.Library": "1.6.1",
          "Newtonsoft.Json": "10.0.1"
        }
      },
      "SharpYaml": {
        "type": "Transitive",
        "resolved": "2.1.1",
        "contentHash": "BISoFuW2AwZYXxrZGaBnedo21BvrdgC4kkWd6QYrOdhOGSsZB0RSqcBw09l9caUE1g3sykJoRfSbtSzZS6tYig=="
      },
      "System.Interactive": {
        "type": "Transitive",
        "resolved": "6.0.1",
        "contentHash": "q2E+Rkj35aGIPdZFKoBfI46LU1hGLHrhg9diif3psaRFeiMwSYom0VI0XHIQFYtGHzq2g1+3awHvK+7YntfNIQ=="
      },
      "System.Memory.Data": {
        "type": "Transitive",
        "resolved": "1.0.1",
        "contentHash": "ujvrOjcni2QQbr6hG2AkUTWLb/xplrx0mt6HrdHFCzzGky2d5J6YD60TKAEf8SBk33cfSzTvFmXewAVaPY/dZg=="
      },
      "WindowsAzure.Storage": {
        "type": "Transitive",
        "resolved": "9.3.1",
        "contentHash": "NooNF4glP6BO7U4dno/xSfiEVVIv6OFcFfisX24Us2CZa9NQR3TSVEj9eVUlM5rLat5H9CHxk6M/mNSIaq7Vrw==",
        "dependencies": {
          "NETStandard.Library": "1.6.1",
          "Newtonsoft.Json": "10.0.2"
        }
      },
      "menes.abstractions": {
        "type": "Project",
        "dependencies": {
          "Corvus.ContentHandling": "[4.0.0, )",
          "Corvus.Extensions": "[1.1.13, )",
          "Corvus.Extensions.Newtonsoft.Json": "[3.0.2, )",
          "Corvus.Monitoring.Instrumentation.Abstractions": "[3.0.1, )",
          "Corvus.UriTemplates": "[2.3.2, )",
          "Microsoft.Extensions.Configuration.Abstractions": "[8.0.*, )",
          "Microsoft.Extensions.Logging": "[8.0.*, )",
          "Microsoft.OpenApi.Readers": "[1.6.24, )",
          "System.Interactive": "[6.0.*, )"
        }
      },
      "menes.hosting": {
        "type": "Project",
        "dependencies": {
          "Menes.Abstractions": "[1.0.0, )"
        }
      },
      "menes.hosting.aspnetcore": {
        "type": "Project",
        "dependencies": {
          "Menes.Hosting": "[1.0.0, )"
        }
      },
      "menes.petstore": {
        "type": "Project",
        "dependencies": {
          "Menes.Abstractions": "[1.0.0, )",
          "Menes.Hosting": "[1.0.0, )",
          "Microsoft.Extensions.Http": "[8.0.*, )"
        }
      }
    }
  }
}