
Microsoft Visual Studio Solution File, Format Version 12.00
# Visual Studio Version 16
VisualStudioVersion = 16.0.30503.244
MinimumVisualStudioVersion = 10.0.40219.1
Project("{9A19103F-16F7-4668-BE54-9A1E7A4F7556}") = "Menes.JsonSchema.TypeBuilder", "Menes.JsonSchema.TypeBuilder\Menes.JsonSchema.TypeBuilder.csproj", "{94B967F5-DB96-4EBC-BFAA-3CB052DA4DCD}"
EndProject
Project("{9A19103F-16F7-4668-BE54-9A1E7A4F7556}") = "Menes.ConsoleApp", "Menes.ConsoleApp\Menes.ConsoleApp.csproj", "{56CC26A2-C3EA-461E-AB5E-3F2C65648DD9}"
EndProject
Project("{9A19103F-16F7-4668-BE54-9A1E7A4F7556}") = "Menes.Specs", "Menes.Specs\Menes.Specs.csproj", "{332AA6FD-B4E3-4E29-807E-A3CA9DFFFD3B}"
EndProject
Project("{9A19103F-16F7-4668-BE54-9A1E7A4F7556}") = "Menes.JsonSchema.SpecGenerator", "Menes.JsonSchema.SpecGenerator\Menes.JsonSchema.SpecGenerator.csproj", "{B6644D7C-283C-4900-BD6F-38F9D566566C}"
EndProject
Project("{9A19103F-16F7-4668-BE54-9A1E7A4F7556}") = "Menes.JsonSchema.Model", "Menes.JsonSchema.Model\Menes.JsonSchema.Model.csproj", "{37399910-10F9-40D5-AA82-73466DC443A4}"
EndProject
Project("{FAE04EC0-301F-11D3-BF4B-00C04F79EFBC}") = "Menes.JsonSchema.Benchmarking", "Menes.JsonSchema.Benchmarking\Menes.JsonSchema.Benchmarking.csproj", "{625E53A5-E220-421D-86BD-C5451FC38F1D}"
EndProject
Global
	GlobalSection(SolutionConfigurationPlatforms) = preSolution
		Debug|Any CPU = Debug|Any CPU
		Release|Any CPU = Release|Any CPU
	EndGlobalSection
	GlobalSection(ProjectConfigurationPlatforms) = postSolution
		{94B967F5-DB96-4EBC-BFAA-3CB052DA4DCD}.Debug|Any CPU.ActiveCfg = Debug|Any CPU
		{94B967F5-DB96-4EBC-BFAA-3CB052DA4DCD}.Debug|Any CPU.Build.0 = Debug|Any CPU
		{94B967F5-DB96-4EBC-BFAA-3CB052DA4DCD}.Release|Any CPU.ActiveCfg = Release|Any CPU
		{94B967F5-DB96-4EBC-BFAA-3CB052DA4DCD}.Release|Any CPU.Build.0 = Release|Any CPU
		{56CC26A2-C3EA-461E-AB5E-3F2C65648DD9}.Debug|Any CPU.ActiveCfg = Debug|Any CPU
		{56CC26A2-C3EA-461E-AB5E-3F2C65648DD9}.Debug|Any CPU.Build.0 = Debug|Any CPU
		{56CC26A2-C3EA-461E-AB5E-3F2C65648DD9}.Release|Any CPU.ActiveCfg = Release|Any CPU
		{56CC26A2-C3EA-461E-AB5E-3F2C65648DD9}.Release|Any CPU.Build.0 = Release|Any CPU
		{332AA6FD-B4E3-4E29-807E-A3CA9DFFFD3B}.Debug|Any CPU.ActiveCfg = Debug|Any CPU
		{332AA6FD-B4E3-4E29-807E-A3CA9DFFFD3B}.Debug|Any CPU.Build.0 = Debug|Any CPU
		{332AA6FD-B4E3-4E29-807E-A3CA9DFFFD3B}.Release|Any CPU.ActiveCfg = Release|Any CPU
		{332AA6FD-B4E3-4E29-807E-A3CA9DFFFD3B}.Release|Any CPU.Build.0 = Release|Any CPU
		{B6644D7C-283C-4900-BD6F-38F9D566566C}.Debug|Any CPU.ActiveCfg = Debug|Any CPU
		{B6644D7C-283C-4900-BD6F-38F9D566566C}.Debug|Any CPU.Build.0 = Debug|Any CPU
		{B6644D7C-283C-4900-BD6F-38F9D566566C}.Release|Any CPU.ActiveCfg = Release|Any CPU
		{B6644D7C-283C-4900-BD6F-38F9D566566C}.Release|Any CPU.Build.0 = Release|Any CPU
		{37399910-10F9-40D5-AA82-73466DC443A4}.Debug|Any CPU.ActiveCfg = Debug|Any CPU
		{37399910-10F9-40D5-AA82-73466DC443A4}.Debug|Any CPU.Build.0 = Debug|Any CPU
		{37399910-10F9-40D5-AA82-73466DC443A4}.Release|Any CPU.ActiveCfg = Release|Any CPU
		{37399910-10F9-40D5-AA82-73466DC443A4}.Release|Any CPU.Build.0 = Release|Any CPU
		{625E53A5-E220-421D-86BD-C5451FC38F1D}.Debug|Any CPU.ActiveCfg = Debug|Any CPU
		{625E53A5-E220-421D-86BD-C5451FC38F1D}.Debug|Any CPU.Build.0 = Debug|Any CPU
		{625E53A5-E220-421D-86BD-C5451FC38F1D}.Release|Any CPU.ActiveCfg = Release|Any CPU
		{625E53A5-E220-421D-86BD-C5451FC38F1D}.Release|Any CPU.Build.0 = Release|Any CPU
	EndGlobalSection
	GlobalSection(SolutionProperties) = preSolution
		HideSolutionNode = FALSE
	EndGlobalSection
	GlobalSection(ExtensibilityGlobals) = postSolution
		SolutionGuid = {234ECC3B-28DB-4C08-9650-625709FA0EEA}
	EndGlobalSection
EndGlobal
