
Microsoft Visual Studio Solution File, Format Version 12.00
# Visual Studio Version 16
VisualStudioVersion = 16.0.29209.62
MinimumVisualStudioVersion = 10.0.40219.1
Project("{9A19103F-16F7-4668-BE54-9A1E7A4F7556}") = "Menes.Abstractions", "Menes.Abstractions\Menes.Abstractions.csproj", "{3999C2E9-6B65-4B54-8714-2E3E479C888B}"
EndProject
Project("{9A19103F-16F7-4668-BE54-9A1E7A4F7556}") = "Menes.Hosting", "Menes.Hosting\Menes.Hosting.csproj", "{2850943E-8FB1-45A6-A1EB-560E906D96CE}"
EndProject
Project("{9A19103F-16F7-4668-BE54-9A1E7A4F7556}") = "Menes.Hosting.AspNetCore", "Menes.Hosting.AspNetCore\Menes.Hosting.AspNetCore.csproj", "{A20D10A6-DC8D-4137-8300-890CB55A9A47}"
EndProject
Project("{9A19103F-16F7-4668-BE54-9A1E7A4F7556}") = "Menes.PetStore", "Menes.PetStore\Menes.PetStore.csproj", "{587CC6F9-DAC0-42F2-8520-0B21FDCB013E}"
EndProject
Project("{2150E333-8FDC-42A3-9474-1A3956D46DE8}") = "Demo", "Demo", "{9F5741F1-1FC8-42FA-A44A-CDD91AEC4758}"
EndProject
Project("{9A19103F-16F7-4668-BE54-9A1E7A4F7556}") = "Menes.PetStore.Hosting", "Menes.PetStore.Hosting\Menes.PetStore.Hosting.csproj", "{C5D7A4FA-88FB-4E7F-BB49-2B1F19323DD0}"
EndProject
Project("{9A19103F-16F7-4668-BE54-9A1E7A4F7556}") = "Menes.Specs", "Menes.Specs\Menes.Specs.csproj", "{D4255494-ACA0-4F19-8425-AE5B134A9C7F}"
EndProject
Project("{2150E333-8FDC-42A3-9474-1A3956D46DE8}") = "DevOps", "DevOps", "{D2C950BA-EDDE-4A22-A4AB-5F7380B9559D}"
	ProjectSection(SolutionItems) = preProject
		..\azure-pipelines.yml = ..\azure-pipelines.yml
	EndProjectSection
EndProject
Global
	GlobalSection(SolutionConfigurationPlatforms) = preSolution
		Debug|Any CPU = Debug|Any CPU
		Release|Any CPU = Release|Any CPU
	EndGlobalSection
	GlobalSection(ProjectConfigurationPlatforms) = postSolution
		{3999C2E9-6B65-4B54-8714-2E3E479C888B}.Debug|Any CPU.ActiveCfg = Debug|Any CPU
		{3999C2E9-6B65-4B54-8714-2E3E479C888B}.Debug|Any CPU.Build.0 = Debug|Any CPU
		{3999C2E9-6B65-4B54-8714-2E3E479C888B}.Release|Any CPU.ActiveCfg = Release|Any CPU
		{3999C2E9-6B65-4B54-8714-2E3E479C888B}.Release|Any CPU.Build.0 = Release|Any CPU
		{2850943E-8FB1-45A6-A1EB-560E906D96CE}.Debug|Any CPU.ActiveCfg = Debug|Any CPU
		{2850943E-8FB1-45A6-A1EB-560E906D96CE}.Debug|Any CPU.Build.0 = Debug|Any CPU
		{2850943E-8FB1-45A6-A1EB-560E906D96CE}.Release|Any CPU.ActiveCfg = Release|Any CPU
		{2850943E-8FB1-45A6-A1EB-560E906D96CE}.Release|Any CPU.Build.0 = Release|Any CPU
		{A20D10A6-DC8D-4137-8300-890CB55A9A47}.Debug|Any CPU.ActiveCfg = Debug|Any CPU
		{A20D10A6-DC8D-4137-8300-890CB55A9A47}.Debug|Any CPU.Build.0 = Debug|Any CPU
		{A20D10A6-DC8D-4137-8300-890CB55A9A47}.Release|Any CPU.ActiveCfg = Release|Any CPU
		{A20D10A6-DC8D-4137-8300-890CB55A9A47}.Release|Any CPU.Build.0 = Release|Any CPU
		{587CC6F9-DAC0-42F2-8520-0B21FDCB013E}.Debug|Any CPU.ActiveCfg = Debug|Any CPU
		{587CC6F9-DAC0-42F2-8520-0B21FDCB013E}.Debug|Any CPU.Build.0 = Debug|Any CPU
		{587CC6F9-DAC0-42F2-8520-0B21FDCB013E}.Release|Any CPU.ActiveCfg = Release|Any CPU
		{587CC6F9-DAC0-42F2-8520-0B21FDCB013E}.Release|Any CPU.Build.0 = Release|Any CPU
		{C5D7A4FA-88FB-4E7F-BB49-2B1F19323DD0}.Debug|Any CPU.ActiveCfg = Debug|Any CPU
		{C5D7A4FA-88FB-4E7F-BB49-2B1F19323DD0}.Debug|Any CPU.Build.0 = Debug|Any CPU
		{C5D7A4FA-88FB-4E7F-BB49-2B1F19323DD0}.Release|Any CPU.ActiveCfg = Release|Any CPU
		{C5D7A4FA-88FB-4E7F-BB49-2B1F19323DD0}.Release|Any CPU.Build.0 = Release|Any CPU
		{D4255494-ACA0-4F19-8425-AE5B134A9C7F}.Debug|Any CPU.ActiveCfg = Debug|Any CPU
		{D4255494-ACA0-4F19-8425-AE5B134A9C7F}.Debug|Any CPU.Build.0 = Debug|Any CPU
		{D4255494-ACA0-4F19-8425-AE5B134A9C7F}.Release|Any CPU.ActiveCfg = Release|Any CPU
		{D4255494-ACA0-4F19-8425-AE5B134A9C7F}.Release|Any CPU.Build.0 = Release|Any CPU
	EndGlobalSection
	GlobalSection(SolutionProperties) = preSolution
		HideSolutionNode = FALSE
	EndGlobalSection
	GlobalSection(NestedProjects) = preSolution
		{587CC6F9-DAC0-42F2-8520-0B21FDCB013E} = {9F5741F1-1FC8-42FA-A44A-CDD91AEC4758}
		{C5D7A4FA-88FB-4E7F-BB49-2B1F19323DD0} = {9F5741F1-1FC8-42FA-A44A-CDD91AEC4758}
	EndGlobalSection
	GlobalSection(ExtensibilityGlobals) = postSolution
		SolutionGuid = {0B392B67-B21B-4AFD-BCC2-3EB2AF5E5D33}
	EndGlobalSection
EndGlobal
