
Microsoft Visual Studio Solution File, Format Version 12.00
# Visual Studio Version 17
VisualStudioVersion = 17.3.32505.426
MinimumVisualStudioVersion = 10.0.40219.1
Project("{9A19103F-16F7-4668-BE54-9A1E7A4F7556}") = "Menes.Hal", "Menes.Hal\Menes.Hal.csproj", "{C0C941C8-9C27-4F6E-B1A6-DAE3B2B05288}"
EndProject
Project("{9A19103F-16F7-4668-BE54-9A1E7A4F7556}") = "Sandbox", "Sandbox\Sandbox.csproj", "{C1C58B00-D0A5-4DE7-9672-CF968AB1DBA0}"
EndProject
Project("{9A19103F-16F7-4668-BE54-9A1E7A4F7556}") = "Menes.ResourceAccess", "Menes.ResourceAccess\Menes.ResourceAccess.csproj", "{C83FC1B1-1FC2-411D-916B-FD9A9D2C99B1}"
EndProject
Project("{9A19103F-16F7-4668-BE54-9A1E7A4F7556}") = "Menes.HttpHelpers", "Menes.HttpHelpers\Menes.HttpHelpers.csproj", "{25393C55-CAE4-42AF-B4FA-362B187EFB75}"
EndProject
Project("{9A19103F-16F7-4668-BE54-9A1E7A4F7556}") = "Menes.OpenApiSchema", "Menes.OpenApiSchema\Menes.OpenApiSchema.csproj", "{DA3E06DB-2467-4A2F-99E3-CE72173ABBFA}"
EndProject
Project("{9A19103F-16F7-4668-BE54-9A1E7A4F7556}") = "Menes.OpenApi.CogeGeneration.Abstractions", "Menes.OpenApi.CogeGeneration.Abstractions\Menes.OpenApi.CogeGeneration.Abstractions.csproj", "{583FFBEE-8EE9-4C0D-94A1-AF9C8E060FE6}"
EndProject
Project("{9A19103F-16F7-4668-BE54-9A1E7A4F7556}") = "Menes.OpenApi.CodeGeneration.v31", "Menes.OpenApi.CodeGeneration.v31\Menes.OpenApi.CodeGeneration.v31.csproj", "{EF6F26DA-6238-4629-8278-BCE883F78E43}"
EndProject
Global
	GlobalSection(SolutionConfigurationPlatforms) = preSolution
		Debug|Any CPU = Debug|Any CPU
		Release|Any CPU = Release|Any CPU
	EndGlobalSection
	GlobalSection(ProjectConfigurationPlatforms) = postSolution
		{C0C941C8-9C27-4F6E-B1A6-DAE3B2B05288}.Debug|Any CPU.ActiveCfg = Debug|Any CPU
		{C0C941C8-9C27-4F6E-B1A6-DAE3B2B05288}.Debug|Any CPU.Build.0 = Debug|Any CPU
		{C0C941C8-9C27-4F6E-B1A6-DAE3B2B05288}.Release|Any CPU.ActiveCfg = Release|Any CPU
		{C0C941C8-9C27-4F6E-B1A6-DAE3B2B05288}.Release|Any CPU.Build.0 = Release|Any CPU
		{C1C58B00-D0A5-4DE7-9672-CF968AB1DBA0}.Debug|Any CPU.ActiveCfg = Debug|Any CPU
		{C1C58B00-D0A5-4DE7-9672-CF968AB1DBA0}.Debug|Any CPU.Build.0 = Debug|Any CPU
		{C1C58B00-D0A5-4DE7-9672-CF968AB1DBA0}.Release|Any CPU.ActiveCfg = Release|Any CPU
		{C1C58B00-D0A5-4DE7-9672-CF968AB1DBA0}.Release|Any CPU.Build.0 = Release|Any CPU
		{C83FC1B1-1FC2-411D-916B-FD9A9D2C99B1}.Debug|Any CPU.ActiveCfg = Debug|Any CPU
		{C83FC1B1-1FC2-411D-916B-FD9A9D2C99B1}.Debug|Any CPU.Build.0 = Debug|Any CPU
		{C83FC1B1-1FC2-411D-916B-FD9A9D2C99B1}.Release|Any CPU.ActiveCfg = Release|Any CPU
		{C83FC1B1-1FC2-411D-916B-FD9A9D2C99B1}.Release|Any CPU.Build.0 = Release|Any CPU
		{25393C55-CAE4-42AF-B4FA-362B187EFB75}.Debug|Any CPU.ActiveCfg = Debug|Any CPU
		{25393C55-CAE4-42AF-B4FA-362B187EFB75}.Debug|Any CPU.Build.0 = Debug|Any CPU
		{25393C55-CAE4-42AF-B4FA-362B187EFB75}.Release|Any CPU.ActiveCfg = Release|Any CPU
		{25393C55-CAE4-42AF-B4FA-362B187EFB75}.Release|Any CPU.Build.0 = Release|Any CPU
		{DA3E06DB-2467-4A2F-99E3-CE72173ABBFA}.Debug|Any CPU.ActiveCfg = Debug|Any CPU
		{DA3E06DB-2467-4A2F-99E3-CE72173ABBFA}.Debug|Any CPU.Build.0 = Debug|Any CPU
		{DA3E06DB-2467-4A2F-99E3-CE72173ABBFA}.Release|Any CPU.ActiveCfg = Release|Any CPU
		{DA3E06DB-2467-4A2F-99E3-CE72173ABBFA}.Release|Any CPU.Build.0 = Release|Any CPU
		{583FFBEE-8EE9-4C0D-94A1-AF9C8E060FE6}.Debug|Any CPU.ActiveCfg = Debug|Any CPU
		{583FFBEE-8EE9-4C0D-94A1-AF9C8E060FE6}.Debug|Any CPU.Build.0 = Debug|Any CPU
		{583FFBEE-8EE9-4C0D-94A1-AF9C8E060FE6}.Release|Any CPU.ActiveCfg = Release|Any CPU
		{583FFBEE-8EE9-4C0D-94A1-AF9C8E060FE6}.Release|Any CPU.Build.0 = Release|Any CPU
		{EF6F26DA-6238-4629-8278-BCE883F78E43}.Debug|Any CPU.ActiveCfg = Debug|Any CPU
		{EF6F26DA-6238-4629-8278-BCE883F78E43}.Debug|Any CPU.Build.0 = Debug|Any CPU
		{EF6F26DA-6238-4629-8278-BCE883F78E43}.Release|Any CPU.ActiveCfg = Release|Any CPU
		{EF6F26DA-6238-4629-8278-BCE883F78E43}.Release|Any CPU.Build.0 = Release|Any CPU
	EndGlobalSection
	GlobalSection(SolutionProperties) = preSolution
		HideSolutionNode = FALSE
	EndGlobalSection
	GlobalSection(ExtensibilityGlobals) = postSolution
		SolutionGuid = {1516055E-4B81-4CD5-9B4E-DDDA9389C0E7}
	EndGlobalSection
EndGlobal
