
Microsoft Visual Studio Solution File, Format Version 12.00
# Visual Studio Version 16
VisualStudioVersion = 16.0.29209.62
MinimumVisualStudioVersion = 10.0.40219.1
Project("{9A19103F-16F7-4668-BE54-9A1E7A4F7556}") = "Menes.Abstractions", "Menes.Abstractions\Menes.Abstractions.csproj", "{3999C2E9-6B65-4B54-8714-2E3E479C888B}"
EndProject
Project("{9A19103F-16F7-4668-BE54-9A1E7A4F7556}") = "Menes.Hosting", "Menes.Hosting\Menes.Hosting.csproj", "{2850943E-8FB1-45A6-A1EB-560E906D96CE}"
EndProject
Global
	GlobalSection(SolutionConfigurationPlatforms) = preSolution
		Debug|Any CPU = Debug|Any CPU
		Release|Any CPU = Release|Any CPU
	EndGlobalSection
	GlobalSection(ProjectConfigurationPlatforms) = postSolution
		{3999C2E9-6B65-4B54-8714-2E3E479C888B}.Debug|Any CPU.ActiveCfg = Debug|Any CPU
		{3999C2E9-6B65-4B54-8714-2E3E479C888B}.Debug|Any CPU.Build.0 = Debug|Any CPU
		{3999C2E9-6B65-4B54-8714-2E3E479C888B}.Release|Any CPU.ActiveCfg = Release|Any CPU
		{3999C2E9-6B65-4B54-8714-2E3E479C888B}.Release|Any CPU.Build.0 = Release|Any CPU
		{2850943E-8FB1-45A6-A1EB-560E906D96CE}.Debug|Any CPU.ActiveCfg = Debug|Any CPU
		{2850943E-8FB1-45A6-A1EB-560E906D96CE}.Debug|Any CPU.Build.0 = Debug|Any CPU
		{2850943E-8FB1-45A6-A1EB-560E906D96CE}.Release|Any CPU.ActiveCfg = Release|Any CPU
		{2850943E-8FB1-45A6-A1EB-560E906D96CE}.Release|Any CPU.Build.0 = Release|Any CPU
	EndGlobalSection
	GlobalSection(SolutionProperties) = preSolution
		HideSolutionNode = FALSE
	EndGlobalSection
	GlobalSection(ExtensibilityGlobals) = postSolution
		SolutionGuid = {0B392B67-B21B-4AFD-BCC2-3EB2AF5E5D33}
	EndGlobalSection
EndGlobal
