{
  "version": 1,
  "dependencies": {
    "net8.0": {
      "Corvus.Testing.ReqnRoll.NUnit": {
        "type": "Direct",
        "requested": "[4.0.5, )",
        "resolved": "4.0.5",
        "contentHash": "3Rf0LULXc/wr26SLZVbkHZxj4dgpm4VvjE8Ti5UrdIds7ya1ZZHkfKcAOczvkFuXsAfBHuNygr4Qrnf0eHJ++w==",
        "dependencies": {
          "Corvus.Testing.ReqnRoll": "4.0.5",
          "Microsoft.Extensions.DependencyInjection": "8.0.1",
          "Microsoft.Extensions.DependencyInjection.Abstractions": "8.0.2",
          "Microsoft.NET.Test.Sdk": "17.14.1",
          "NUnit3TestAdapter": "5.0.0",
          "Reqnroll.NUnit": "2.4.1",
          "coverlet.msbuild": "6.0.4"
        }
      },
      "Endjin.RecommendedPractices.GitHub": {
        "type": "Direct",
        "requested": "[2.1.18, )",
        "resolved": "2.1.18",
        "contentHash": "5zdIpj3qn+hQKvpkJO77wW74S4w8UKE0l8oDIm6jq70X7O0iNfgD+0FzEKXIYM17JtqnVSVaBd4ZyuDxHqVnLg==",
        "dependencies": {
          "Endjin.RecommendedPractices": "2.1.18",
          "Microsoft.SourceLink.GitHub": "1.1.1"
        }
      },
      "Idg.AsyncTestTools": {
        "type": "Direct",
        "requested": "[1.0.0, )",
        "resolved": "1.0.0",
        "contentHash": "YmA4n52LP/LcaF6SF0LQ/Hno2Mjyxt2YpasJsmfnCwTUQPU/g/zWL4iLEcbT1I3Sb1JTvMkkTEI03qxCL2K9uA==",
        "dependencies": {
          "NETStandard.Library": "1.6.1"
        }
      },
      "NSubstitute": {
        "type": "Direct",
        "requested": "[5.3.0, )",
        "resolved": "5.3.0",
        "contentHash": "lJ47Cps5Qzr86N99lcwd+OUvQma7+fBgr8+Mn+aOC0WrlqMNkdivaYD9IvnZ5Mqo6Ky3LS7ZI+tUq1/s9ERd0Q==",
        "dependencies": {
          "Castle.Core": "5.1.1"
        }
      },
      "NSubstitute.Analyzers.CSharp": {
        "type": "Direct",
        "requested": "[1.0.17, )",
        "resolved": "1.0.17",
        "contentHash": "Pwz0MD7CAM/G/fvJjM3ceOfI+S0IgjanHcK7evwyrW9qAWUG8fgiEXYfSX1/s3h2JUNDOw6ik0G8zp+RT61Y1g=="
      },
      "Castle.Core": {
        "type": "Transitive",
        "resolved": "5.1.1",
        "contentHash": "rpYtIczkzGpf+EkZgDr9CClTdemhsrwA/W5hMoPjLkRFnXzH44zDLoovXeKtmxb1ykXK9aJVODSpiJml8CTw2g==",
        "dependencies": {
          "System.Diagnostics.EventLog": "6.0.0"
        }
      },
      "CommunityToolkit.HighPerformance": {
        "type": "Transitive",
        "resolved": "8.3.0",
        "contentHash": "2zc0Wfr9OtEbLqm6J1Jycim/nKmYv+v12CytJ3tZGNzw7n3yjh1vNCMX0kIBaFBk3sw8g0pMR86QJGXGlArC+A=="
      },
      "Corvus.ContentHandling": {
        "type": "Transitive",
        "resolved": "4.0.0",
        "contentHash": "g3Yxx9Ws0Qvajje9xxYc2Me8bNjaDUQ1lf5IF4Cs4RbNjP91yZqzn2KDTUdSQI+u2B06MuIsVPUfDZC0Lf9+Ag==",
        "dependencies": {
          "Microsoft.CodeAnalysis.CSharp": "4.12.0",
          "Microsoft.Extensions.DependencyInjection.Abstractions": "8.0.2"
        }
      },
      "Corvus.Extensions": {
        "type": "Transitive",
        "resolved": "1.1.13",
        "contentHash": "IJfT5YT7RUYJzhcR7nsnozrtcR6uDfqJIUvOvLYuQ6ra3DVOyStKtDp81L+l/FY8I0nw1alzbugXRjj+92BC/A==",
        "dependencies": {
          "System.Interactive": "6.0.1"
        }
      },
      "Corvus.Extensions.Newtonsoft.Json": {
        "type": "Transitive",
        "resolved": "3.0.2",
        "contentHash": "Htc652U9rb9V6Ik6L18H09cKpVnsk95qU5ZBUfjpk0ehtV3BzhJuVA2xoEtk4vN/vhq2mSf8JZswwznPZilLBw==",
        "dependencies": {
          "Corvus.Json.Abstractions": "3.0.2",
          "Microsoft.Extensions.DependencyInjection.Abstractions": "3.1.32",
          "Newtonsoft.Json": "13.0.3"
        }
      },
      "Corvus.HighPerformance": {
        "type": "Transitive",
        "resolved": "1.0.0",
        "contentHash": "ymxAkH0mhLXEggpIfbMDegA/wg4Q6PjOr2uUkHQX2HubqHD3hcOe2nf0yc3Y5GS9WHkSlc4asjTkP0rHsScDgg=="
      },
      "Corvus.Json.Abstractions": {
        "type": "Transitive",
        "resolved": "3.0.2",
        "contentHash": "i3HErZbnQsYwUgS9sA+sQYpVX0r5ETmBSApy13wC5hVqEvI/YVXBztoLMmkEOaJEo1c16H8JT2s+j/hDGqSz6g=="
      },
      "Corvus.Monitoring.Instrumentation.Abstractions": {
        "type": "Transitive",
        "resolved": "3.0.1",
        "contentHash": "G1ocdBKceYqzAIAiMLM/ANuDpIOz9wuoCk6Wtj2fe8t1hZ+FeZdBj1x2D/SuAcc5QXgYFCLwmS/xczHq68wyEw==",
        "dependencies": {
          "Microsoft.Extensions.DependencyInjection.Abstractions": "9.0.0"
        }
      },
      "Corvus.Testing.ReqnRoll": {
        "type": "Transitive",
        "resolved": "4.0.5",
        "contentHash": "Sc3TQyUNP/APr0f+OPEHWOpuIZuHADnli2eQ3zLXgSOTIlzBnWhvPJeQ90+mwYhQmodRulnXJ+LaARd5KyLBig==",
        "dependencies": {
          "Microsoft.Extensions.Configuration.Abstractions": "8.0.0",
          "Microsoft.Extensions.DependencyInjection": "8.0.1",
          "Microsoft.Extensions.DependencyInjection.Abstractions": "8.0.2",
          "Reqnroll": "2.4.1"
        }
      },
      "Corvus.UriTemplates": {
        "type": "Transitive",
        "resolved": "2.3.2",
        "contentHash": "XAhHr0F6IOhunpIHFzG0HQSj+/X8L1lSJAExYQl9OEIZGAUZ81pbqWtxuIHL080y1u2dEmw796D7XmM44Je2gw==",
        "dependencies": {
          "CommunityToolkit.HighPerformance": "8.3.0",
          "Corvus.HighPerformance": "1.0.0",
          "Microsoft.Extensions.ObjectPool": "8.0.8"
        }
      },
      "coverlet.msbuild": {
        "type": "Transitive",
        "resolved": "6.0.4",
        "contentHash": "Qa7Hg+wrOMDKpXVn2dw4Wlun490bIWsFW0fdNJQFJLZnbU27MCP0HJ2mPgS+3EQBQUb0zKlkwiQzP+j38Hc3Iw=="
      },
      "Cucumber.CucumberExpressions": {
        "type": "Transitive",
        "resolved": "17.1.0",
        "contentHash": "IZFDLLwrUCKuGDXQzmAWZa+kQFpVmVwWD8wEl0UWGOR83UQfzqg8hZeSSNUOXlW0Kh3vMO6kEm3FpNC4amKMaw=="
      },
      "Endjin.RecommendedPractices": {
        "type": "Transitive",
        "resolved": "2.1.18",
        "contentHash": "AAD5aVVKTdFYsMpdHft4Q4rPdLaBt/IG4K2ozmB0qkotXpIWBhNUDtguBZCkYvTt0o2UXS5fQDP3os86F03lpw==",
        "dependencies": {
          "Microsoft.Build.Tasks.Git": "1.1.1"
        }
      },
      "Gherkin": {
        "type": "Transitive",
        "resolved": "30.0.0",
        "contentHash": "jZM9zm9eg62vRSAOtYvcmQh4w0oYqjP6myKxMaJAlQq9VCKm4wnTfHhS5QRnLhx/sH3R5jTaoQAKLs5hhjuq7g=="
      },
      "Microsoft.ApplicationInsights": {
        "type": "Transitive",
        "resolved": "2.22.0",
        "contentHash": "3AOM9bZtku7RQwHyMEY3tQMrHIgjcfRDa6YQpd/QG2LDGvMydSlL9Di+8LLMt7J2RDdfJ7/2jdYv6yHcMJAnNw=="
      },
      "Microsoft.Build.Tasks.Git": {
        "type": "Transitive",
        "resolved": "1.1.1",
        "contentHash": "AT3HlgTjsqHnWpBHSNeR0KxbLZD7bztlZVj7I8vgeYG9SYqbeFGh0TM/KVtC6fg53nrWHl3VfZFvb5BiQFcY6Q=="
      },
      "Microsoft.CodeAnalysis.Analyzers": {
        "type": "Transitive",
        "resolved": "3.3.4",
        "contentHash": "AxkxcPR+rheX0SmvpLVIGLhOUXAKG56a64kV9VQZ4y9gR9ZmPXnqZvHJnmwLSwzrEP6junUF11vuc+aqo5r68g=="
      },
      "Microsoft.CodeAnalysis.Common": {
        "type": "Transitive",
        "resolved": "4.12.0",
        "contentHash": "c1kNYihL2gdcuU1dqm8R8YeA4YkB43TpU3pa2r66Uooh6AAhRtENzj9A4Kj0a+H8JDDyuTjNZql9XlVUzV+UjA==",
        "dependencies": {
          "Microsoft.CodeAnalysis.Analyzers": "3.3.4"
        }
      },
      "Microsoft.CodeAnalysis.CSharp": {
        "type": "Transitive",
        "resolved": "4.12.0",
        "contentHash": "30vVQ1MizeC22iEdEvI2w0eTIYG43/L20yBzuQH01xKzJgHAoWehzI2F8u07o4mXh4DGMOjQF7aEm0zzvsG3Mg==",
        "dependencies": {
          "Microsoft.CodeAnalysis.Analyzers": "3.3.4",
          "Microsoft.CodeAnalysis.Common": "[4.12.0]"
        }
      },
      "Microsoft.CodeCoverage": {
        "type": "Transitive",
        "resolved": "17.14.1",
        "contentHash": "pmTrhfFIoplzFVbhVwUquT+77CbGH+h4/3mBpdmIlYtBi9nAB+kKI6dN3A/nV4DFi3wLLx/BlHIPK+MkbQ6Tpg=="
      },
      "Microsoft.Extensions.Configuration.Abstractions": {
        "type": "Transitive",
        "resolved": "8.0.0",
        "contentHash": "3lE/iLSutpgX1CC0NOW70FJoGARRHbyKmG7dc0klnUZ9Dd9hS6N/POPWhKhMLCEuNN5nXEY5agmlFtH562vqhQ==",
        "dependencies": {
          "Microsoft.Extensions.Primitives": "8.0.0"
        }
      },
      "Microsoft.Extensions.DependencyInjection": {
        "type": "Transitive",
        "resolved": "8.0.1",
        "contentHash": "BmANAnR5Xd4Oqw7yQ75xOAYODybZQRzdeNucg7kS5wWKd2PNnMdYtJ2Vciy0QLylRmv42DGl5+AFL9izA6F1Rw==",
        "dependencies": {
          "Microsoft.Extensions.DependencyInjection.Abstractions": "8.0.2"
        }
      },
      "Microsoft.Extensions.DependencyInjection.Abstractions": {
        "type": "Transitive",
        "resolved": "9.0.0",
        "contentHash": "+6f2qv2a3dLwd5w6JanPIPs47CxRbnk+ZocMJUhv9NxP88VlOcJYZs9jY+MYSjxvady08bUZn6qgiNh7DadGgg=="
      },
      "Microsoft.Extensions.DependencyModel": {
        "type": "Transitive",
        "resolved": "8.0.2",
        "contentHash": "mUBDZZRgZrSyFOsJ2qJJ9fXfqd/kXJwf3AiDoqLD9m6TjY5OO/vLNOb9fb4juC0487eq4hcGN/M2Rh/CKS7QYw=="
      },
      "Microsoft.Extensions.Logging": {
        "type": "Transitive",
        "resolved": "8.0.1",
        "contentHash": "4x+pzsQEbqxhNf1QYRr5TDkLP9UsLT3A6MdRKDDEgrW7h1ljiEPgTNhKYUhNCCAaVpQECVQ+onA91PTPnIp6Lw==",
        "dependencies": {
          "Microsoft.Extensions.DependencyInjection": "8.0.1",
          "Microsoft.Extensions.Logging.Abstractions": "8.0.2",
          "Microsoft.Extensions.Options": "8.0.2"
        }
      },
      "Microsoft.Extensions.Logging.Abstractions": {
        "type": "Transitive",
        "resolved": "8.0.2",
        "contentHash": "nroMDjS7hNBPtkZqVBbSiQaQjWRDxITI8Y7XnDs97rqG3EbzVTNLZQf7bIeUJcaHOV8bca47s1Uxq94+2oGdxA==",
        "dependencies": {
          "Microsoft.Extensions.DependencyInjection.Abstractions": "8.0.2"
        }
      },
      "Microsoft.Extensions.ObjectPool": {
        "type": "Transitive",
        "resolved": "8.0.8",
        "contentHash": "wnjTFjEvvSbOs3iMfl6CeJcUgPHZMYUB9uAQbGQGxGwVRl4GydNpMSkVntTzoi7AqQeYumU9yDSNeVbpq+ebow=="
      },
      "Microsoft.Extensions.Options": {
        "type": "Transitive",
        "resolved": "8.0.2",
        "contentHash": "dWGKvhFybsaZpGmzkGCbNNwBD1rVlWzrZKANLW/CcbFJpCEceMCGzT7zZwHOGBCbwM0SzBuceMj5HN1LKV1QqA==",
        "dependencies": {
          "Microsoft.Extensions.DependencyInjection.Abstractions": "8.0.0",
          "Microsoft.Extensions.Primitives": "8.0.0"
        }
      },
      "Microsoft.Extensions.Primitives": {
        "type": "Transitive",
        "resolved": "8.0.0",
        "contentHash": "bXJEZrW9ny8vjMF1JV253WeLhpEVzFo1lyaZu1vQ4ZxWUlVvknZ/+ftFgVheLubb4eZPSwwxBeqS1JkCOjxd8g=="
      },
      "Microsoft.NET.Test.Sdk": {
        "type": "Transitive",
        "resolved": "17.14.1",
        "contentHash": "HJKqKOE+vshXra2aEHpi2TlxYX7Z9VFYkr+E5rwEvHC8eIXiyO+K9kNm8vmNom3e2rA56WqxU+/N9NJlLGXsJQ==",
        "dependencies": {
          "Microsoft.CodeCoverage": "17.14.1",
          "Microsoft.TestPlatform.TestHost": "17.14.1"
        }
      },
      "Microsoft.NETCore.Platforms": {
        "type": "Transitive",
        "resolved": "1.1.0",
        "contentHash": "kz0PEW2lhqygehI/d6XsPCQzD7ff7gUJaVGPVETX611eadGsA3A877GdSlU0LRVMCTH/+P3o2iDTak+S08V2+A=="
      },
      "Microsoft.OpenApi": {
        "type": "Transitive",
        "resolved": "1.6.24",
        "contentHash": "fZhncz3BmI2pJk589qHvvR3gGYMol5u98Yk9zRQiDjZac8Uq5NG/dYEFJbW/DBvJf5e8utXt5fN/58XCgjNqyQ=="
      },
      "Microsoft.OpenApi.Readers": {
        "type": "Transitive",
        "resolved": "1.6.24",
        "contentHash": "dWcqm4L/M9/HcPmDv5RJob7hdW1lmiABZUZu03lYyReLn4zSwZ4iIF07ziBcWfuf49dNR/R3HOR7fPHVArXEeg==",
        "dependencies": {
          "Microsoft.OpenApi": "1.6.24",
          "SharpYaml": "2.1.1"
        }
      },
      "Microsoft.SourceLink.Common": {
        "type": "Transitive",
        "resolved": "1.1.1",
        "contentHash": "WMcGpWKrmJmzrNeuaEb23bEMnbtR/vLmvZtkAP5qWu7vQsY59GqfRJd65sFpBszbd2k/bQ8cs8eWawQKAabkVg=="
      },
      "Microsoft.SourceLink.GitHub": {
        "type": "Transitive",
        "resolved": "1.1.1",
        "contentHash": "IaJGnOv/M7UQjRJks7B6p7pbPnOwisYGOIzqCz5ilGFTApZ3ktOR+6zJ12ZRPInulBmdAf1SrGdDG2MU8g6XTw==",
        "dependencies": {
          "Microsoft.Build.Tasks.Git": "1.1.1",
          "Microsoft.SourceLink.Common": "1.1.1"
        }
      },
      "Microsoft.Testing.Extensions.Telemetry": {
        "type": "Transitive",
        "resolved": "1.5.3",
        "contentHash": "U9pGd5DQuX1PfkrdFI+xH34JGgQ2nes5QAwIITTk+MQfLvRITqsZjJeHTjpGWh33D/0q1l7aA8/LQHR7UuCgLQ==",
        "dependencies": {
          "Microsoft.ApplicationInsights": "2.22.0",
          "Microsoft.Testing.Platform": "1.5.3"
        }
      },
      "Microsoft.Testing.Extensions.TrxReport.Abstractions": {
        "type": "Transitive",
        "resolved": "1.5.3",
        "contentHash": "h34zKNpGyni66VH738mRHeXSnf3klSShUdavUWNhSfWICUUi5aXeI0LBvoX/ad93N0+9xBDU3Fyi6WfxrwKQGw==",
        "dependencies": {
          "Microsoft.Testing.Platform": "1.5.3"
        }
      },
      "Microsoft.Testing.Extensions.VSTestBridge": {
        "type": "Transitive",
        "resolved": "1.5.3",
        "contentHash": "cJD67YfDT98wEWyazKVD/yPVW6+H1usXeuselCnRes7JZBTIYWtrCchcOzOahnmajT79eDKqt9sta7DXwTDU4Q==",
        "dependencies": {
          "Microsoft.ApplicationInsights": "2.22.0",
          "Microsoft.TestPlatform.ObjectModel": "17.12.0",
          "Microsoft.Testing.Extensions.Telemetry": "1.5.3",
          "Microsoft.Testing.Extensions.TrxReport.Abstractions": "1.5.3",
          "Microsoft.Testing.Platform": "1.5.3"
        }
      },
      "Microsoft.Testing.Platform": {
        "type": "Transitive",
        "resolved": "1.5.3",
        "contentHash": "WqJydnJ99dEKtquR9HwINz104ehWJKTXbQQrydGatlLRw14bmsx0pa8+E6KUXMYXZAimN0swWlDmcJGjjW4TIg=="
      },
      "Microsoft.Testing.Platform.MSBuild": {
        "type": "Transitive",
        "resolved": "1.5.3",
        "contentHash": "bOtpRMSPeT5YLQo+NNY8EtdNTphAUcmALjW4ABU7P0rb6yR2XAZau3TzNieLmR3lRuwudguWzzBhgcLRXwZh0A==",
        "dependencies": {
          "Microsoft.Testing.Platform": "1.5.3"
        }
      },
      "Microsoft.TestPlatform.ObjectModel": {
        "type": "Transitive",
        "resolved": "17.14.1",
        "contentHash": "xTP1W6Mi6SWmuxd3a+jj9G9UoC850WGwZUps1Wah9r1ZxgXhdJfj1QqDLJkFjHDCvN42qDL2Ps5KjQYWUU0zcQ=="
      },
      "Microsoft.TestPlatform.TestHost": {
        "type": "Transitive",
        "resolved": "17.14.1",
        "contentHash": "d78LPzGKkJwsJXAQwsbJJ7LE7D1wB+rAyhHHAaODF+RDSQ0NgMjDFkSA1Djw18VrxO76GlKAjRUhl+H8NL8Z+Q==",
        "dependencies": {
          "Microsoft.TestPlatform.ObjectModel": "17.14.1",
          "Newtonsoft.Json": "13.0.3"
        }
      },
      "NETStandard.Library": {
        "type": "Transitive",
        "resolved": "2.0.0",
        "contentHash": "7jnbRU+L08FXKMxqUflxEXtVymWvNOrS8yHgu9s6EM8Anr6T/wIX4nZ08j/u3Asz+tCufp3YVwFSEvFTPYmBPA==",
        "dependencies": {
          "Microsoft.NETCore.Platforms": "1.1.0"
        }
      },
      "Newtonsoft.Json": {
        "type": "Transitive",
        "resolved": "13.0.3",
        "contentHash": "HrC5BXdl00IP9zeV+0Z848QWPAoCr9P3bDEZguI+gkLcBKAOxix/tLEAAHC+UvDNPv4a2d18lOReHMOagPa+zQ=="
      },
      "NUnit": {
        "type": "Transitive",
        "resolved": "3.13.1",
        "contentHash": "vWBvrSelmTYwqHWvO3dA63z7cOpaFR/3nJ9MMVLBkWeaWa7oiglPPm5g1h96B4i2XXqjFexxhR5MyMjmIJYPfg==",
        "dependencies": {
          "NETStandard.Library": "2.0.0"
        }
      },
      "NUnit3TestAdapter": {
        "type": "Transitive",
        "resolved": "5.0.0",
        "contentHash": "sy4cLoUAdE6TDM4wNX5gmNCyhMev5wUz4cA6ZRf/aON9vf9t4xTVGLj/4huhDKcS4dFfmVVcgcP70yC7WC9kKg==",
        "dependencies": {
          "Microsoft.Testing.Extensions.VSTestBridge": "1.5.3",
          "Microsoft.Testing.Platform.MSBuild": "1.5.3"
        }
      },
      "Reqnroll": {
        "type": "Transitive",
        "resolved": "2.4.1",
        "contentHash": "Ui229q21Kmkrv3L89THgsxGMXooJGK5OrFPLvYDXfE2nO/u4tqYsbmMRddyEE3fsR40IDP++HsRrDxlkR6reVw==",
        "dependencies": {
          "Cucumber.CucumberExpressions": "17.1.0",
          "Gherkin": "30.0.0",
          "Microsoft.Extensions.DependencyModel": "8.0.2"
        }
      },
      "Reqnroll.NUnit": {
        "type": "Transitive",
        "resolved": "2.4.1",
        "contentHash": "IbP1uVirMVpopeRwjvtz2b0PO9oQtHcDnAQigTpZY9lxSRYBycQSYQaZ6fbkkg/mG/azkPPGV3YIjNILQ8jWrw==",
        "dependencies": {
          "NUnit": "3.13.1",
          "Reqnroll": "[2.4.1]",
          "Reqnroll.Tools.MsBuild.Generation": "[2.4.1]"
        }
      },
      "Reqnroll.Tools.MsBuild.Generation": {
        "type": "Transitive",
        "resolved": "2.4.1",
        "contentHash": "+Up0eUWnKRKPdRIttE52DYzwayUd4bGMyRytYeeCwtqwZA4tLhK2NspOZJ8axPcmATOM9QSTCUHUlyp9pgcfQg==",
        "dependencies": {
          "Reqnroll": "[2.4.1]"
        }
      },
      "SharpYaml": {
        "type": "Transitive",
        "resolved": "2.1.1",
        "contentHash": "BISoFuW2AwZYXxrZGaBnedo21BvrdgC4kkWd6QYrOdhOGSsZB0RSqcBw09l9caUE1g3sykJoRfSbtSzZS6tYig=="
      },
      "System.Diagnostics.EventLog": {
        "type": "Transitive",
        "resolved": "6.0.0",
        "contentHash": "lcyUiXTsETK2ALsZrX+nWuHSIQeazhqPphLfaRxzdGaG93+0kELqpgEHtwWOlQe7+jSFnKwaCAgL4kjeZCQJnw=="
      },
      "System.Interactive": {
        "type": "Transitive",
        "resolved": "6.0.1",
        "contentHash": "q2E+Rkj35aGIPdZFKoBfI46LU1hGLHrhg9diif3psaRFeiMwSYom0VI0XHIQFYtGHzq2g1+3awHvK+7YntfNIQ=="
      },
      "menes.abstractions": {
        "type": "Project",
        "dependencies": {
          "Corvus.ContentHandling": "[4.0.0, )",
          "Corvus.Extensions": "[1.1.13, )",
          "Corvus.Extensions.Newtonsoft.Json": "[3.0.2, )",
          "Corvus.Monitoring.Instrumentation.Abstractions": "[3.0.1, )",
          "Corvus.UriTemplates": "[2.3.2, )",
          "Microsoft.Extensions.Configuration.Abstractions": "[8.0.*, )",
          "Microsoft.Extensions.Logging": "[8.0.*, )",
          "Microsoft.OpenApi.Readers": "[1.6.24, )",
          "System.Interactive": "[6.0.*, )"
        }
      },
      "menes.hosting": {
        "type": "Project",
        "dependencies": {
          "Menes.Abstractions": "[1.0.0, )"
        }
      },
      "menes.hosting.aspnetcore": {
        "type": "Project",
        "dependencies": {
          "Menes.Hosting": "[1.0.0, )"
        }
      }
    }
  }
}